
Microsoft Visual Studio Solution File, Format Version 12.00
# Visual Studio 15
VisualStudioVersion = 15.0.27004.2009
MinimumVisualStudioVersion = 10.0.40219.1
Project("{FAE04EC0-301F-11D3-BF4B-00C04F79EFBC}") = "BlueOceanTester.UI", "BlueOceanTester.UI\BlueOceanTester.UI.csproj", "{52025736-66F5-44CE-AEB9-9BC722C475D1}"
EndProject
Project("{FAE04EC0-301F-11D3-BF4B-00C04F79EFBC}") = "BlueOceanTester.Lib", "BlueOceanTester.Lib\BlueOceanTester.Lib.csproj", "{6BE98ABB-1EDB-4261-88ED-A11DE7382673}"
EndProject
Project("{FAE04EC0-301F-11D3-BF4B-00C04F79EFBC}") = "BlueOceanTester.UT", "BlueOceanTester.UT\BlueOceanTester.UT.csproj", "{43062415-F195-4FDC-9F91-527C64BC7E9A}"
EndProject
Global
	GlobalSection(SolutionConfigurationPlatforms) = preSolution
		Debug|Any CPU = Debug|Any CPU
		Release|Any CPU = Release|Any CPU
	EndGlobalSection
	GlobalSection(ProjectConfigurationPlatforms) = postSolution
		{52025736-66F5-44CE-AEB9-9BC722C475D1}.Debug|Any CPU.ActiveCfg = Debug|Any CPU
		{52025736-66F5-44CE-AEB9-9BC722C475D1}.Debug|Any CPU.Build.0 = Debug|Any CPU
		{52025736-66F5-44CE-AEB9-9BC722C475D1}.Release|Any CPU.ActiveCfg = Release|Any CPU
		{52025736-66F5-44CE-AEB9-9BC722C475D1}.Release|Any CPU.Build.0 = Release|Any CPU
		{6BE98ABB-1EDB-4261-88ED-A11DE7382673}.Debug|Any CPU.ActiveCfg = Debug|Any CPU
		{6BE98ABB-1EDB-4261-88ED-A11DE7382673}.Debug|Any CPU.Build.0 = Debug|Any CPU
		{6BE98ABB-1EDB-4261-88ED-A11DE7382673}.Release|Any CPU.ActiveCfg = Release|Any CPU
		{6BE98ABB-1EDB-4261-88ED-A11DE7382673}.Release|Any CPU.Build.0 = Release|Any CPU
		{43062415-F195-4FDC-9F91-527C64BC7E9A}.Debug|Any CPU.ActiveCfg = Debug|Any CPU
		{43062415-F195-4FDC-9F91-527C64BC7E9A}.Debug|Any CPU.Build.0 = Debug|Any CPU
		{43062415-F195-4FDC-9F91-527C64BC7E9A}.Release|Any CPU.ActiveCfg = Release|Any CPU
		{43062415-F195-4FDC-9F91-527C64BC7E9A}.Release|Any CPU.Build.0 = Release|Any CPU
	EndGlobalSection
	GlobalSection(SolutionProperties) = preSolution
		HideSolutionNode = FALSE
	EndGlobalSection
	GlobalSection(ExtensibilityGlobals) = postSolution
		SolutionGuid = {159C9DB6-5C9F-4902-9D70-86B0B76319E1}
	EndGlobalSection
EndGlobal
